# generated by rye
# use `rye lock` or `rye sync` to update this lockfile
#
# last locked with the following flags:
#   pre: false
#   features: []
#   all-features: false
#   with-sources: false

-e file:.
asgiref==3.8.1
    # via django
    # via django-cors-headers
bcrypt==4.1.2
    # via lab-2
diff-match-patch==20230430
    # via django-import-export
django==5.0.4
    # via django-cors-headers
    # via django-import-export
    # via djangorestframework
    # via lab-2
django-cors-headers==4.3.1
    # via lab-2
django-import-export==4.0.0
    # via lab-2
djangorestframework==3.15.1
    # via lab-2
sqlparse==0.5.0
    # via django
tablib==3.5.0
    # via django-import-export
